// !$*UTF8*$!
{
	archiveVersion = 1;
	classes = {
	};
	objectVersion = 56;
	objects = {

/* Begin PBXBuildFile section */
		EB4066AA2A1289EF00348783 /* AppDelegate.swift in Sources */ = {isa = PBXBuildFile; fileRef = EB4066A92A1289EF00348783 /* AppDelegate.swift */; };
		EB4066AC2A1289EF00348783 /* SceneDelegate.swift in Sources */ = {isa = PBXBuildFile; fileRef = EB4066AB2A1289EF00348783 /* SceneDelegate.swift */; };
		EB4066AE2A1289EF00348783 /* ViewController.swift in Sources */ = {isa = PBXBuildFile; fileRef = EB4066AD2A1289EF00348783 /* ViewController.swift */; };
		EB4066B12A1289EF00348783 /* Main.storyboard in Resources */ = {isa = PBXBuildFile; fileRef = EB4066AF2A1289EF00348783 /* Main.storyboard */; };
		EB4066B42A1289EF00348783 /* EnesIsler_HV2.xcdatamodeld in Sources */ = {isa = PBXBuildFile; fileRef = EB4066B22A1289EF00348783 /* EnesIsler_HV2.xcdatamodeld */; };
		EB4066B62A1289F000348783 /* Assets.xcassets in Resources */ = {isa = PBXBuildFile; fileRef = EB4066B52A1289F000348783 /* Assets.xcassets */; };
		EB4066B92A1289F000348783 /* LaunchScreen.storyboard in Resources */ = {isa = PBXBuildFile; fileRef = EB4066B72A1289F000348783 /* LaunchScreen.storyboard */; };
		EB4066EB2A13AE9000348783 /* Alamofire in Frameworks */ = {isa = PBXBuildFile; productRef = EB4066EA2A13AE9000348783 /* Alamofire */; };
		EB4066F02A13DEF600348783 /* TableView+Extension.swift in Sources */ = {isa = PBXBuildFile; fileRef = EB4066EF2A13DEF600348783 /* TableView+Extension.swift */; };
		EB4066F22A13E0B900348783 /* UITableViewCell+Extension.swift in Sources */ = {isa = PBXBuildFile; fileRef = EB4066F12A13E0B900348783 /* UITableViewCell+Extension.swift */; };
		EB4066F52A13E2B800348783 /* NewsAPI in Frameworks */ = {isa = PBXBuildFile; productRef = EB4066F42A13E2B800348783 /* NewsAPI */; };
		EB4067822A1511AC00348783 /* TopStroiesNewsCell.swift in Sources */ = {isa = PBXBuildFile; fileRef = EB4067802A1511AC00348783 /* TopStroiesNewsCell.swift */; };
		EB4067832A1511AC00348783 /* TopStroiesNewsCell.xib in Resources */ = {isa = PBXBuildFile; fileRef = EB4067812A1511AC00348783 /* TopStroiesNewsCell.xib */; };
		EB4067862A15179E00348783 /* SDWebImage in Frameworks */ = {isa = PBXBuildFile; productRef = EB4067852A15179E00348783 /* SDWebImage */; };
		EB4067882A1654A500348783 /* LoadingShowable.swift in Sources */ = {isa = PBXBuildFile; fileRef = EB4067872A1654A500348783 /* LoadingShowable.swift */; };
		EB40678A2A16550600348783 /* LoadingView.swift in Sources */ = {isa = PBXBuildFile; fileRef = EB4067892A16550600348783 /* LoadingView.swift */; };
		EB40678C2A16585F00348783 /* NewsViewController.swift in Sources */ = {isa = PBXBuildFile; fileRef = EB40678B2A16585F00348783 /* NewsViewController.swift */; };
/* End PBXBuildFile section */

/* Begin PBXFileReference section */
		EB4066A62A1289EF00348783 /* EnesIsler_HV2.app */ = {isa = PBXFileReference; explicitFileType = wrapper.application; includeInIndex = 0; path = EnesIsler_HV2.app; sourceTree = BUILT_PRODUCTS_DIR; };
		EB4066A92A1289EF00348783 /* AppDelegate.swift */ = {isa = PBXFileReference; lastKnownFileType = sourcecode.swift; path = AppDelegate.swift; sourceTree = "<group>"; };
		EB4066AB2A1289EF00348783 /* SceneDelegate.swift */ = {isa = PBXFileReference; lastKnownFileType = sourcecode.swift; path = SceneDelegate.swift; sourceTree = "<group>"; };
		EB4066AD2A1289EF00348783 /* ViewController.swift */ = {isa = PBXFileReference; lastKnownFileType = sourcecode.swift; path = ViewController.swift; sourceTree = "<group>"; };
		EB4066B02A1289EF00348783 /* Base */ = {isa = PBXFileReference; lastKnownFileType = file.storyboard; name = Base; path = Base.lproj/Main.storyboard; sourceTree = "<group>"; };
		EB4066B32A1289EF00348783 /* EnesIsler_HV2.xcdatamodel */ = {isa = PBXFileReference; lastKnownFileType = wrapper.xcdatamodel; path = EnesIsler_HV2.xcdatamodel; sourceTree = "<group>"; };
		EB4066B52A1289F000348783 /* Assets.xcassets */ = {isa = PBXFileReference; lastKnownFileType = folder.assetcatalog; path = Assets.xcassets; sourceTree = "<group>"; };
		EB4066B82A1289F000348783 /* Base */ = {isa = PBXFileReference; lastKnownFileType = file.storyboard; name = Base; path = Base.lproj/LaunchScreen.storyboard; sourceTree = "<group>"; };
		EB4066BA2A1289F000348783 /* Info.plist */ = {isa = PBXFileReference; lastKnownFileType = text.plist.xml; path = Info.plist; sourceTree = "<group>"; };
		EB4066EC2A13B2CC00348783 /* NewsAPI */ = {isa = PBXFileReference; lastKnownFileType = text; path = NewsAPI; sourceTree = SOURCE_ROOT; };
		EB4066EF2A13DEF600348783 /* TableView+Extension.swift */ = {isa = PBXFileReference; lastKnownFileType = sourcecode.swift; path = "TableView+Extension.swift"; sourceTree = "<group>"; };
		EB4066F12A13E0B900348783 /* UITableViewCell+Extension.swift */ = {isa = PBXFileReference; lastKnownFileType = sourcecode.swift; path = "UITableViewCell+Extension.swift"; sourceTree = "<group>"; };
		EB4067802A1511AC00348783 /* TopStroiesNewsCell.swift */ = {isa = PBXFileReference; lastKnownFileType = sourcecode.swift; path = TopStroiesNewsCell.swift; sourceTree = "<group>"; };
		EB4067812A1511AC00348783 /* TopStroiesNewsCell.xib */ = {isa = PBXFileReference; lastKnownFileType = file.xib; path = TopStroiesNewsCell.xib; sourceTree = "<group>"; };
		EB4067872A1654A500348783 /* LoadingShowable.swift */ = {isa = PBXFileReference; lastKnownFileType = sourcecode.swift; path = LoadingShowable.swift; sourceTree = "<group>"; };
		EB4067892A16550600348783 /* LoadingView.swift */ = {isa = PBXFileReference; lastKnownFileType = sourcecode.swift; path = LoadingView.swift; sourceTree = "<group>"; };
		EB40678B2A16585F00348783 /* NewsViewController.swift */ = {isa = PBXFileReference; lastKnownFileType = sourcecode.swift; path = NewsViewController.swift; sourceTree = "<group>"; };
/* End PBXFileReference section */

/* Begin PBXFrameworksBuildPhase section */
		EB4066A32A1289EF00348783 /* Frameworks */ = {
			isa = PBXFrameworksBuildPhase;
			buildActionMask = 2147483647;
			files = (
				EB4067862A15179E00348783 /* SDWebImage in Frameworks */,
				EB4066F52A13E2B800348783 /* NewsAPI in Frameworks */,
				EB4066EB2A13AE9000348783 /* Alamofire in Frameworks */,
			);
			runOnlyForDeploymentPostprocessing = 0;
		};
/* End PBXFrameworksBuildPhase section */

/* Begin PBXGroup section */
		EB40669D2A1289EF00348783 = {
			isa = PBXGroup;
			children = (
				EB4066A82A1289EF00348783 /* EnesIsler_HV2 */,
				EB4066A72A1289EF00348783 /* Products */,
				EB4066F32A13E2B800348783 /* Frameworks */,
			);
			sourceTree = "<group>";
		};
		EB4066A72A1289EF00348783 /* Products */ = {
			isa = PBXGroup;
			children = (
				EB4066A62A1289EF00348783 /* EnesIsler_HV2.app */,
			);
			name = Products;
			sourceTree = "<group>";
		};
		EB4066A82A1289EF00348783 /* EnesIsler_HV2 */ = {
			isa = PBXGroup;
			children = (
				EB4066BA2A1289F000348783 /* Info.plist */,
				EB4066EC2A13B2CC00348783 /* NewsAPI */,
				EB4066ED2A13DE3100348783 /* News */,
			);
			path = EnesIsler_HV2;
			sourceTree = "<group>";
		};
		EB4066ED2A13DE3100348783 /* News */ = {
			isa = PBXGroup;
			children = (
				EB9D937F2A16971E0096B0CE /* Loading */,
				EB9D937E2A1696F30096B0CE /* Controllers */,
				EB40677F2A15115600348783 /* Cells */,
				EB4066EE2A13DEC300348783 /* Extensions */,
				EB4066A92A1289EF00348783 /* AppDelegate.swift */,
				EB4066AB2A1289EF00348783 /* SceneDelegate.swift */,
				EB4066AF2A1289EF00348783 /* Main.storyboard */,
				EB4066B52A1289F000348783 /* Assets.xcassets */,
				EB4066B72A1289F000348783 /* LaunchScreen.storyboard */,
				EB4066B22A1289EF00348783 /* EnesIsler_HV2.xcdatamodeld */,
			);
			path = News;
			sourceTree = "<group>";
		};
		EB4066EE2A13DEC300348783 /* Extensions */ = {
			isa = PBXGroup;
			children = (
				EB4066EF2A13DEF600348783 /* TableView+Extension.swift */,
				EB4066F12A13E0B900348783 /* UITableViewCell+Extension.swift */,
			);
			path = Extensions;
			sourceTree = "<group>";
		};
		EB4066F32A13E2B800348783 /* Frameworks */ = {
			isa = PBXGroup;
			children = (
			);
			name = Frameworks;
			sourceTree = "<group>";
		};
		EB40677F2A15115600348783 /* Cells */ = {
			isa = PBXGroup;
			children = (
				EB4067802A1511AC00348783 /* TopStroiesNewsCell.swift */,
				EB4067812A1511AC00348783 /* TopStroiesNewsCell.xib */,
			);
			path = Cells;
			sourceTree = "<group>";
		};
		EB9D937E2A1696F30096B0CE /* Controllers */ = {
			isa = PBXGroup;
			children = (
				EB4066AD2A1289EF00348783 /* ViewController.swift */,
				EB40678B2A16585F00348783 /* NewsViewController.swift */,
			);
			path = Controllers;
			sourceTree = "<group>";
		};
		EB9D937F2A16971E0096B0CE /* Loading */ = {
			isa = PBXGroup;
			children = (
				EB4067872A1654A500348783 /* LoadingShowable.swift */,
				EB4067892A16550600348783 /* LoadingView.swift */,
			);
			path = Loading;
			sourceTree = "<group>";
		};
/* End PBXGroup section */

/* Begin PBXNativeTarget section */
		EB4066A52A1289EF00348783 /* EnesIsler_HV2 */ = {
			isa = PBXNativeTarget;
			buildConfigurationList = EB4066BD2A1289F000348783 /* Build configuration list for PBXNativeTarget "EnesIsler_HV2" */;
			buildPhases = (
				EB4066A22A1289EF00348783 /* Sources */,
				EB4066A32A1289EF00348783 /* Frameworks */,
				EB4066A42A1289EF00348783 /* Resources */,
			);
			buildRules = (
			);
			dependencies = (
			);
			name = EnesIsler_HV2;
			packageProductDependencies = (
				EB4066EA2A13AE9000348783 /* Alamofire */,
				EB4066F42A13E2B800348783 /* NewsAPI */,
				EB4067852A15179E00348783 /* SDWebImage */,
			);
			productName = EnesIsler_HV2;
			productReference = EB4066A62A1289EF00348783 /* EnesIsler_HV2.app */;
			productType = "com.apple.product-type.application";
		};
/* End PBXNativeTarget section */

/* Begin PBXProject section */
		EB40669E2A1289EF00348783 /* Project object */ = {
			isa = PBXProject;
			attributes = {
				BuildIndependentTargetsInParallel = 1;
				LastSwiftUpdateCheck = 1430;
				LastUpgradeCheck = 1430;
				TargetAttributes = {
					EB4066A52A1289EF00348783 = {
						CreatedOnToolsVersion = 14.3;
					};
				};
			};
			buildConfigurationList = EB4066A12A1289EF00348783 /* Build configuration list for PBXProject "EnesIsler_HV2" */;
			compatibilityVersion = "Xcode 14.0";
			developmentRegion = en;
			hasScannedForEncodings = 0;
			knownRegions = (
				en,
				Base,
			);
			mainGroup = EB40669D2A1289EF00348783;
			packageReferences = (
				EB4066E92A13AE9000348783 /* XCRemoteSwiftPackageReference "Alamofire" */,
				EB4067842A15179E00348783 /* XCRemoteSwiftPackageReference "SDWebImage" */,
			);
			productRefGroup = EB4066A72A1289EF00348783 /* Products */;
			projectDirPath = "";
			projectRoot = "";
			targets = (
				EB4066A52A1289EF00348783 /* EnesIsler_HV2 */,
			);
		};
/* End PBXProject section */

/* Begin PBXResourcesBuildPhase section */
		EB4066A42A1289EF00348783 /* Resources */ = {
			isa = PBXResourcesBuildPhase;
			buildActionMask = 2147483647;
			files = (
				EB4067832A1511AC00348783 /* TopStroiesNewsCell.xib in Resources */,
				EB4066B92A1289F000348783 /* LaunchScreen.storyboard in Resources */,
				EB4066B62A1289F000348783 /* Assets.xcassets in Resources */,
				EB4066B12A1289EF00348783 /* Main.storyboard in Resources */,
			);
			runOnlyForDeploymentPostprocessing = 0;
		};
/* End PBXResourcesBuildPhase section */

/* Begin PBXSourcesBuildPhase section */
		EB4066A22A1289EF00348783 /* Sources */ = {
			isa = PBXSourcesBuildPhase;
			buildActionMask = 2147483647;
			files = (
				EB4066AE2A1289EF00348783 /* ViewController.swift in Sources */,
				EB4066F22A13E0B900348783 /* UITableViewCell+Extension.swift in Sources */,
				EB4066F02A13DEF600348783 /* TableView+Extension.swift in Sources */,
				EB40678C2A16585F00348783 /* NewsViewController.swift in Sources */,
				EB4067882A1654A500348783 /* LoadingShowable.swift in Sources */,
				EB4067822A1511AC00348783 /* TopStroiesNewsCell.swift in Sources */,
				EB4066AA2A1289EF00348783 /* AppDelegate.swift in Sources */,
				EB4066AC2A1289EF00348783 /* SceneDelegate.swift in Sources */,
				EB4066B42A1289EF00348783 /* EnesIsler_HV2.xcdatamodeld in Sources */,
				EB40678A2A16550600348783 /* LoadingView.swift in Sources */,
			);
			runOnlyForDeploymentPostprocessing = 0;
		};
/* End PBXSourcesBuildPhase section */

/* Begin PBXVariantGroup section */
		EB4066AF2A1289EF00348783 /* Main.storyboard */ = {
			isa = PBXVariantGroup;
			children = (
				EB4066B02A1289EF00348783 /* Base */,
			);
			name = Main.storyboard;
			sourceTree = "<group>";
		};
		EB4066B72A1289F000348783 /* LaunchScreen.storyboard */ = {
			isa = PBXVariantGroup;
			children = (
				EB4066B82A1289F000348783 /* Base */,
			);
			name = LaunchScreen.storyboard;
			sourceTree = "<group>";
		};
/* End PBXVariantGroup section */

/* Begin XCBuildConfiguration section */
		EB4066BB2A1289F000348783 /* Debug */ = {
			isa = XCBuildConfiguration;
			buildSettings = {
				ALWAYS_SEARCH_USER_PATHS = NO;
				CLANG_ANALYZER_NONNULL = YES;
				CLANG_ANALYZER_NUMBER_OBJECT_CONVERSION = YES_AGGRESSIVE;
				CLANG_CXX_LANGUAGE_STANDARD = "gnu++20";
				CLANG_ENABLE_MODULES = YES;
				CLANG_ENABLE_OBJC_ARC = YES;
				CLANG_ENABLE_OBJC_WEAK = YES;
				CLANG_WARN_BLOCK_CAPTURE_AUTORELEASING = YES;
				CLANG_WARN_BOOL_CONVERSION = YES;
				CLANG_WARN_COMMA = YES;
				CLANG_WARN_CONSTANT_CONVERSION = YES;
				CLANG_WARN_DEPRECATED_OBJC_IMPLEMENTATIONS = YES;
				CLANG_WARN_DIRECT_OBJC_ISA_USAGE = YES_ERROR;
				CLANG_WARN_DOCUMENTATION_COMMENTS = YES;
				CLANG_WARN_EMPTY_BODY = YES;
				CLANG_WARN_ENUM_CONVERSION = YES;
				CLANG_WARN_INFINITE_RECURSION = YES;
				CLANG_WARN_INT_CONVERSION = YES;
				CLANG_WARN_NON_LITERAL_NULL_CONVERSION = YES;
				CLANG_WARN_OBJC_IMPLICIT_RETAIN_SELF = YES;
				CLANG_WARN_OBJC_LITERAL_CONVERSION = YES;
				CLANG_WARN_OBJC_ROOT_CLASS = YES_ERROR;
				CLANG_WARN_QUOTED_INCLUDE_IN_FRAMEWORK_HEADER = YES;
				CLANG_WARN_RANGE_LOOP_ANALYSIS = YES;
				CLANG_WARN_STRICT_PROTOTYPES = YES;
				CLANG_WARN_SUSPICIOUS_MOVE = YES;
				CLANG_WARN_UNGUARDED_AVAILABILITY = YES_AGGRESSIVE;
				CLANG_WARN_UNREACHABLE_CODE = YES;
				CLANG_WARN__DUPLICATE_METHOD_MATCH = YES;
				COPY_PHASE_STRIP = NO;
				DEBUG_INFORMATION_FORMAT = dwarf;
				ENABLE_STRICT_OBJC_MSGSEND = YES;
				ENABLE_TESTABILITY = YES;
				GCC_C_LANGUAGE_STANDARD = gnu11;
				GCC_DYNAMIC_NO_PIC = NO;
				GCC_NO_COMMON_BLOCKS = YES;
				GCC_OPTIMIZATION_LEVEL = 0;
				GCC_PREPROCESSOR_DEFINITIONS = (
					"DEBUG=1",
					"$(inherited)",
				);
				GCC_WARN_64_TO_32_BIT_CONVERSION = YES;
				GCC_WARN_ABOUT_RETURN_TYPE = YES_ERROR;
				GCC_WARN_UNDECLARED_SELECTOR = YES;
				GCC_WARN_UNINITIALIZED_AUTOS = YES_AGGRESSIVE;
				GCC_WARN_UNUSED_FUNCTION = YES;
				GCC_WARN_UNUSED_VARIABLE = YES;
				IPHONEOS_DEPLOYMENT_TARGET = 16.4;
				MTL_ENABLE_DEBUG_INFO = INCLUDE_SOURCE;
				MTL_FAST_MATH = YES;
				ONLY_ACTIVE_ARCH = YES;
				SDKROOT = iphoneos;
				SWIFT_ACTIVE_COMPILATION_CONDITIONS = DEBUG;
				SWIFT_OPTIMIZATION_LEVEL = "-Onone";
			};
			name = Debug;
		};
		EB4066BC2A1289F000348783 /* Release */ = {
			isa = XCBuildConfiguration;
			buildSettings = {
				ALWAYS_SEARCH_USER_PATHS = NO;
				CLANG_ANALYZER_NONNULL = YES;
				CLANG_ANALYZER_NUMBER_OBJECT_CONVERSION = YES_AGGRESSIVE;
				CLANG_CXX_LANGUAGE_STANDARD = "gnu++20";
				CLANG_ENABLE_MODULES = YES;
				CLANG_ENABLE_OBJC_ARC = YES;
				CLANG_ENABLE_OBJC_WEAK = YES;
				CLANG_WARN_BLOCK_CAPTURE_AUTORELEASING = YES;
				CLANG_WARN_BOOL_CONVERSION = YES;
				CLANG_WARN_COMMA = YES;
				CLANG_WARN_CONSTANT_CONVERSION = YES;
				CLANG_WARN_DEPRECATED_OBJC_IMPLEMENTATIONS = YES;
				CLANG_WARN_DIRECT_OBJC_ISA_USAGE = YES_ERROR;
				CLANG_WARN_DOCUMENTATION_COMMENTS = YES;
				CLANG_WARN_EMPTY_BODY = YES;
				CLANG_WARN_ENUM_CONVERSION = YES;
				CLANG_WARN_INFINITE_RECURSION = YES;
				CLANG_WARN_INT_CONVERSION = YES;
				CLANG_WARN_NON_LITERAL_NULL_CONVERSION = YES;
				CLANG_WARN_OBJC_IMPLICIT_RETAIN_SELF = YES;
				CLANG_WARN_OBJC_LITERAL_CONVERSION = YES;
				CLANG_WARN_OBJC_ROOT_CLASS = YES_ERROR;
				CLANG_WARN_QUOTED_INCLUDE_IN_FRAMEWORK_HEADER = YES;
				CLANG_WARN_RANGE_LOOP_ANALYSIS = YES;
				CLANG_WARN_STRICT_PROTOTYPES = YES;
				CLANG_WARN_SUSPICIOUS_MOVE = YES;
				CLANG_WARN_UNGUARDED_AVAILABILITY = YES_AGGRESSIVE;
				CLANG_WARN_UNREACHABLE_CODE = YES;
				CLANG_WARN__DUPLICATE_METHOD_MATCH = YES;
				COPY_PHASE_STRIP = NO;
				DEBUG_INFORMATION_FORMAT = "dwarf-with-dsym";
				ENABLE_NS_ASSERTIONS = NO;
				ENABLE_STRICT_OBJC_MSGSEND = YES;
				GCC_C_LANGUAGE_STANDARD = gnu11;
				GCC_NO_COMMON_BLOCKS = YES;
				GCC_WARN_64_TO_32_BIT_CONVERSION = YES;
				GCC_WARN_ABOUT_RETURN_TYPE = YES_ERROR;
				GCC_WARN_UNDECLARED_SELECTOR = YES;
				GCC_WARN_UNINITIALIZED_AUTOS = YES_AGGRESSIVE;
				GCC_WARN_UNUSED_FUNCTION = YES;
				GCC_WARN_UNUSED_VARIABLE = YES;
				IPHONEOS_DEPLOYMENT_TARGET = 16.4;
				MTL_ENABLE_DEBUG_INFO = NO;
				MTL_FAST_MATH = YES;
				SDKROOT = iphoneos;
				SWIFT_COMPILATION_MODE = wholemodule;
				SWIFT_OPTIMIZATION_LEVEL = "-O";
				VALIDATE_PRODUCT = YES;
			};
			name = Release;
		};
		EB4066BE2A1289F000348783 /* Debug */ = {
			isa = XCBuildConfiguration;
			buildSettings = {
				ASSETCATALOG_COMPILER_APPICON_NAME = AppIcon;
				ASSETCATALOG_COMPILER_GLOBAL_ACCENT_COLOR_NAME = AccentColor;
				CODE_SIGN_STYLE = Automatic;
				CURRENT_PROJECT_VERSION = 1;
				DEVELOPMENT_TEAM = UFLZ3QS55J;
				GENERATE_INFOPLIST_FILE = YES;
				INFOPLIST_FILE = EnesIsler_HV2/Info.plist;
				INFOPLIST_KEY_UIApplicationSupportsIndirectInputEvents = YES;
				INFOPLIST_KEY_UILaunchStoryboardName = LaunchScreen;
				INFOPLIST_KEY_UIMainStoryboardFile = Main;
				INFOPLIST_KEY_UISupportedInterfaceOrientations_iPad = "UIInterfaceOrientationPortrait UIInterfaceOrientationPortraitUpsideDown UIInterfaceOrientationLandscapeLeft UIInterfaceOrientationLandscapeRight";
				INFOPLIST_KEY_UISupportedInterfaceOrientations_iPhone = "UIInterfaceOrientationPortrait UIInterfaceOrientationLandscapeLeft UIInterfaceOrientationLandscapeRight";
				LD_RUNPATH_SEARCH_PATHS = (
					"$(inherited)",
					"@executable_path/Frameworks",
				);
				MARKETING_VERSION = 1.0;
				PRODUCT_BUNDLE_IDENTIFIER = "uygulamalar.EnesIsler-HV2";
				PRODUCT_NAME = "$(TARGET_NAME)";
				SWIFT_EMIT_LOC_STRINGS = YES;
				SWIFT_VERSION = 5.0;
				TARGETED_DEVICE_FAMILY = "1,2";
			};
			name = Debug;
		};
		EB4066BF2A1289F000348783 /* Release */ = {
			isa = XCBuildConfiguration;
			buildSettings = {
				ASSETCATALOG_COMPILER_APPICON_NAME = AppIcon;
				ASSETCATALOG_COMPILER_GLOBAL_ACCENT_COLOR_NAME = AccentColor;
				CODE_SIGN_STYLE = Automatic;
				CURRENT_PROJECT_VERSION = 1;
				DEVELOPMENT_TEAM = UFLZ3QS55J;
				GENERATE_INFOPLIST_FILE = YES;
				INFOPLIST_FILE = EnesIsler_HV2/Info.plist;
				INFOPLIST_KEY_UIApplicationSupportsIndirectInputEvents = YES;
				INFOPLIST_KEY_UILaunchStoryboardName = LaunchScreen;
				INFOPLIST_KEY_UIMainStoryboardFile = Main;
				INFOPLIST_KEY_UISupportedInterfaceOrientations_iPad = "UIInterfaceOrientationPortrait UIInterfaceOrientationPortraitUpsideDown UIInterfaceOrientationLandscapeLeft UIInterfaceOrientationLandscapeRight";
				INFOPLIST_KEY_UISupportedInterfaceOrientations_iPhone = "UIInterfaceOrientationPortrait UIInterfaceOrientationLandscapeLeft UIInterfaceOrientationLandscapeRight";
				LD_RUNPATH_SEARCH_PATHS = (
					"$(inherited)",
					"@executable_path/Frameworks",
				);
				MARKETING_VERSION = 1.0;
				PRODUCT_BUNDLE_IDENTIFIER = "uygulamalar.EnesIsler-HV2";
				PRODUCT_NAME = "$(TARGET_NAME)";
				SWIFT_EMIT_LOC_STRINGS = YES;
				SWIFT_VERSION = 5.0;
				TARGETED_DEVICE_FAMILY = "1,2";
			};
			name = Release;
		};
/* End XCBuildConfiguration section */

/* Begin XCConfigurationList section */
		EB4066A12A1289EF00348783 /* Build configuration list for PBXProject "EnesIsler_HV2" */ = {
			isa = XCConfigurationList;
			buildConfigurations = (
				EB4066BB2A1289F000348783 /* Debug */,
				EB4066BC2A1289F000348783 /* Release */,
			);
			defaultConfigurationIsVisible = 0;
			defaultConfigurationName = Release;
		};
		EB4066BD2A1289F000348783 /* Build configuration list for PBXNativeTarget "EnesIsler_HV2" */ = {
			isa = XCConfigurationList;
			buildConfigurations = (
				EB4066BE2A1289F000348783 /* Debug */,
				EB4066BF2A1289F000348783 /* Release */,
			);
			defaultConfigurationIsVisible = 0;
			defaultConfigurationName = Release;
		};
/* End XCConfigurationList section */

/* Begin XCRemoteSwiftPackageReference section */
		EB4066E92A13AE9000348783 /* XCRemoteSwiftPackageReference "Alamofire" */ = {
			isa = XCRemoteSwiftPackageReference;
			repositoryURL = "https://github.com/Alamofire/Alamofire";
			requirement = {
				kind = upToNextMajorVersion;
				minimumVersion = 5.0.0;
			};
		};
		EB4067842A15179E00348783 /* XCRemoteSwiftPackageReference "SDWebImage" */ = {
			isa = XCRemoteSwiftPackageReference;
			repositoryURL = "https://github.com/SDWebImage/SDWebImage";
			requirement = {
				kind = upToNextMajorVersion;
				minimumVersion = 5.0.0;
			};
		};
/* End XCRemoteSwiftPackageReference section */

/* Begin XCSwiftPackageProductDependency section */
		EB4066EA2A13AE9000348783 /* Alamofire */ = {
			isa = XCSwiftPackageProductDependency;
			package = EB4066E92A13AE9000348783 /* XCRemoteSwiftPackageReference "Alamofire" */;
			productName = Alamofire;
		};
		EB4066F42A13E2B800348783 /* NewsAPI */ = {
			isa = XCSwiftPackageProductDependency;
			productName = NewsAPI;
		};
		EB4067852A15179E00348783 /* SDWebImage */ = {
			isa = XCSwiftPackageProductDependency;
			package = EB4067842A15179E00348783 /* XCRemoteSwiftPackageReference "SDWebImage" */;
			productName = SDWebImage;
		};
/* End XCSwiftPackageProductDependency section */

/* Begin XCVersionGroup section */
		EB4066B22A1289EF00348783 /* EnesIsler_HV2.xcdatamodeld */ = {
			isa = XCVersionGroup;
			children = (
				EB4066B32A1289EF00348783 /* EnesIsler_HV2.xcdatamodel */,
			);
			currentVersion = EB4066B32A1289EF00348783 /* EnesIsler_HV2.xcdatamodel */;
			path = EnesIsler_HV2.xcdatamodeld;
			sourceTree = "<group>";
			versionGroupType = wrapper.xcdatamodel;
		};
/* End XCVersionGroup section */
	};
	rootObject = EB40669E2A1289EF00348783 /* Project object */;
}
